
Microsoft Visual Studio Solution File, Format Version 11.00
# Visual Studio 2010
Project("{FAE04EC0-301F-11D3-BF4B-00C04F79EFBC}") = "TestDDD", "TestAggregate\TestDDD.csproj", "{AFFE30C0-2F7D-4BBB-A796-8B9B07A1D893}"
EndProject
Global
	GlobalSection(SolutionConfigurationPlatforms) = preSolution
		Debug|x86 = Debug|x86
		Release|x86 = Release|x86
	EndGlobalSection
	GlobalSection(ProjectConfigurationPlatforms) = postSolution
		{AFFE30C0-2F7D-4BBB-A796-8B9B07A1D893}.Debug|x86.ActiveCfg = Debug|x86
		{AFFE30C0-2F7D-4BBB-A796-8B9B07A1D893}.Debug|x86.Build.0 = Debug|x86
		{AFFE30C0-2F7D-4BBB-A796-8B9B07A1D893}.Release|x86.ActiveCfg = Release|x86
		{AFFE30C0-2F7D-4BBB-A796-8B9B07A1D893}.Release|x86.Build.0 = Release|x86
	EndGlobalSection
	GlobalSection(MonoDevelopProperties) = preSolution
		StartupItem = TestAggregate\TestDDD.csproj
	EndGlobalSection
EndGlobal
